// !$*UTF8*$!
{
	archiveVersion = 1;
	classes = {
	};
	objectVersion = 77;
	objects = {

/* Begin PBXBuildFile section */
		20D68500FB85D42D88F7DDA4 /* NativeNotesiOSApp.swift in Sources */ = {isa = PBXBuildFile; fileRef = 2011249E8099C3BB08264968 /* NativeNotesiOSApp.swift */; };
		5FE04522EA6DB889585D4574 /* RootView.swift in Sources */ = {isa = PBXBuildFile; fileRef = 30AB78E943E5A9185B46F61A /* RootView.swift */; };
		A1B2C3D4E5F6012345678901 /* Assets.xcassets in Resources */ = {isa = PBXBuildFile; fileRef = A1B2C3D4E5F6012345678903 /* Assets.xcassets */; };
		A1B2C3D4E5F6012345678902 /* Assets.xcassets in Resources */ = {isa = PBXBuildFile; fileRef = A1B2C3D4E5F6012345678903 /* Assets.xcassets */; };
		BF6ACCB895417A863C97C394 /* NativeNotes in Frameworks */ = {isa = PBXBuildFile; productRef = 2ECFB180D64E03874878F154 /* NativeNotes */; };
		CBF4795468B04B7B6F2637C4 /* NativeNotes in Frameworks */ = {isa = PBXBuildFile; productRef = BC6086DDC9EAFF5CF819F385 /* NativeNotes */; };
		DE7195737D17928DA72BDD7A /* RootView.swift in Sources */ = {isa = PBXBuildFile; fileRef = 30AB78E943E5A9185B46F61A /* RootView.swift */; };
		E346FE974D16663AA00B9BBE /* NativeNotesmacOSApp.swift in Sources */ = {isa = PBXBuildFile; fileRef = F031CD1F4C780240B751869F /* NativeNotesmacOSApp.swift */; };
/* End PBXBuildFile section */

/* Begin PBXFileReference section */
		14E227F5296C42BDC358E7C9 /* NativeNotesiOS.app */ = {isa = PBXFileReference; includeInIndex = 0; lastKnownFileType = wrapper.application; path = NativeNotesiOS.app; sourceTree = BUILT_PRODUCTS_DIR; };
		2011249E8099C3BB08264968 /* NativeNotesiOSApp.swift */ = {isa = PBXFileReference; lastKnownFileType = sourcecode.swift; path = NativeNotesiOSApp.swift; sourceTree = "<group>"; };
		30AB78E943E5A9185B46F61A /* RootView.swift */ = {isa = PBXFileReference; lastKnownFileType = sourcecode.swift; path = RootView.swift; sourceTree = "<group>"; };
		5366F22D7116D050B8F95CB9 /* NativeNotesmacOS.app */ = {isa = PBXFileReference; explicitFileType = wrapper.application; includeInIndex = 0; path = NativeNotesmacOS.app; sourceTree = BUILT_PRODUCTS_DIR; };
		A1B2C3D4E5F6012345678903 /* Assets.xcassets */ = {isa = PBXFileReference; lastKnownFileType = folder.assetcatalog; path = Assets.xcassets; sourceTree = "<group>"; };
		A0AE709E04DD84A00CE8CCFD /* Notes + ToDo */ = {isa = PBXFileReference; lastKnownFileType = folder; name = "Notes + ToDo"; path = .; sourceTree = SOURCE_ROOT; };
		F031CD1F4C780240B751869F /* NativeNotesmacOSApp.swift */ = {isa = PBXFileReference; lastKnownFileType = sourcecode.swift; path = NativeNotesmacOSApp.swift; sourceTree = "<group>"; };
/* End PBXFileReference section */

/* Begin PBXFrameworksBuildPhase section */
		7D11F84FFBB0DCBC262488DD /* Frameworks */ = {
			isa = PBXFrameworksBuildPhase;
			buildActionMask = 2147483647;
			files = (
				BF6ACCB895417A863C97C394 /* NativeNotes in Frameworks */,
			);
			runOnlyForDeploymentPostprocessing = 0;
		};
		CB093A2EFDB8D075ACFDEC5B /* Frameworks */ = {
			isa = PBXFrameworksBuildPhase;
			buildActionMask = 2147483647;
			files = (
				CBF4795468B04B7B6F2637C4 /* NativeNotes in Frameworks */,
			);
			runOnlyForDeploymentPostprocessing = 0;
		};
/* End PBXFrameworksBuildPhase section */

/* Begin PBXGroup section */
		03913AD8A4EB4CEA1A10E908 /* Shared */ = {
			isa = PBXGroup;
			children = (
				30AB78E943E5A9185B46F61A /* RootView.swift */,
			);
			name = Shared;
			path = Apps/NativeNotesApp/Sources/Shared;
			sourceTree = "<group>";
		};
		394FAF1E33739C8A3B5CAAB8 /* iOS */ = {
			isa = PBXGroup;
			children = (
				2011249E8099C3BB08264968 /* NativeNotesiOSApp.swift */,
			);
			name = iOS;
			path = Apps/NativeNotesApp/Sources/iOS;
			sourceTree = "<group>";
		};
		49ECBC3AA8D2EE322D587CF1 /* Packages */ = {
			isa = PBXGroup;
			children = (
				A0AE709E04DD84A00CE8CCFD /* Notes + ToDo */,
			);
			name = Packages;
			sourceTree = "<group>";
		};
		64C69469C3198890867AE26C /* macOS */ = {
			isa = PBXGroup;
			children = (
				F031CD1F4C780240B751869F /* NativeNotesmacOSApp.swift */,
			);
			name = macOS;
			path = Apps/NativeNotesApp/Sources/macOS;
			sourceTree = "<group>";
		};
		79ED313778EDA204EEA6CC40 /* Products */ = {
			isa = PBXGroup;
			children = (
				14E227F5296C42BDC358E7C9 /* NativeNotesiOS.app */,
				5366F22D7116D050B8F95CB9 /* NativeNotesmacOS.app */,
			);
			name = Products;
			sourceTree = "<group>";
		};
		A1B2C3D4E5F6012345678904 /* Resources */ = {
			isa = PBXGroup;
			children = (
				A1B2C3D4E5F6012345678903 /* Assets.xcassets */,
			);
			name = Resources;
			path = Apps/NativeNotesApp/Resources;
			sourceTree = "<group>";
		};
		9E47B165EBD5258002E9E6C5 = {
			isa = PBXGroup;
			children = (
				394FAF1E33739C8A3B5CAAB8 /* iOS */,
				64C69469C3198890867AE26C /* macOS */,
				49ECBC3AA8D2EE322D587CF1 /* Packages */,
				03913AD8A4EB4CEA1A10E908 /* Shared */,
				A1B2C3D4E5F6012345678904 /* Resources */,
				79ED313778EDA204EEA6CC40 /* Products */,
			);
			sourceTree = "<group>";
		};
/* End PBXGroup section */

/* Begin PBXNativeTarget section */
		0CF9078D7C3A2CC2104880D5 /* NativeNotesiOS */ = {
			isa = PBXNativeTarget;
			buildConfigurationList = AB58EC5EEE11E135BD15B0EC /* Build configuration list for PBXNativeTarget "NativeNotesiOS" */;
			buildPhases = (
				71D1A4C287BF07C58B817010 /* Sources */,
				7D11F84FFBB0DCBC262488DD /* Frameworks */,
				A1B2C3D4E5F6012345678905 /* Resources */,
			);
			buildRules = (
			);
			dependencies = (
			);
			name = NativeNotesiOS;
			packageProductDependencies = (
				2ECFB180D64E03874878F154 /* NativeNotes */,
			);
			productName = NativeNotesiOS;
			productReference = 14E227F5296C42BDC358E7C9 /* NativeNotesiOS.app */;
			productType = "com.apple.product-type.application";
		};
		24FF34EC40E61581F929562F /* NativeNotesmacOS */ = {
			isa = PBXNativeTarget;
			buildConfigurationList = B7F7EB93A82D3C9202A9DEC0 /* Build configuration list for PBXNativeTarget "NativeNotesmacOS" */;
			buildPhases = (
				6370418F4200FFEDF088647E /* Sources */,
				CB093A2EFDB8D075ACFDEC5B /* Frameworks */,
				A1B2C3D4E5F6012345678906 /* Resources */,
			);
			buildRules = (
			);
			dependencies = (
			);
			name = NativeNotesmacOS;
			packageProductDependencies = (
				BC6086DDC9EAFF5CF819F385 /* NativeNotes */,
			);
			productName = NativeNotesmacOS;
			productReference = 5366F22D7116D050B8F95CB9 /* NativeNotesmacOS.app */;
			productType = "com.apple.product-type.application";
		};
/* End PBXNativeTarget section */

/* Begin PBXProject section */
		194F04A69E4EADE1E8546813 /* Project object */ = {
			isa = PBXProject;
			attributes = {
				BuildIndependentTargetsInParallel = YES;
				LastUpgradeCheck = 1430;
				TargetAttributes = {
				};
			};
			buildConfigurationList = B40996F15C9A25532608344F /* Build configuration list for PBXProject "NativeNotesApps" */;
			developmentRegion = en;
			hasScannedForEncodings = 0;
			knownRegions = (
				Base,
				en,
			);
			mainGroup = 9E47B165EBD5258002E9E6C5;
			minimizedProjectReferenceProxies = 1;
			packageReferences = (
				C50D20F2E8942E31AA347739 /* XCLocalSwiftPackageReference "." */,
			);
			preferredProjectObjectVersion = 77;
			productRefGroup = 79ED313778EDA204EEA6CC40 /* Products */;
			projectDirPath = "";
			projectRoot = "";
			targets = (
				0CF9078D7C3A2CC2104880D5 /* NativeNotesiOS */,
				24FF34EC40E61581F929562F /* NativeNotesmacOS */,
			);
		};
/* End PBXProject section */

/* Begin PBXResourcesBuildPhase section */
		A1B2C3D4E5F6012345678905 /* Resources */ = {
			isa = PBXResourcesBuildPhase;
			buildActionMask = 2147483647;
			files = (
				A1B2C3D4E5F6012345678901 /* Assets.xcassets in Resources */,
			);
			runOnlyForDeploymentPostprocessing = 0;
		};
		A1B2C3D4E5F6012345678906 /* Resources */ = {
			isa = PBXResourcesBuildPhase;
			buildActionMask = 2147483647;
			files = (
				A1B2C3D4E5F6012345678902 /* Assets.xcassets in Resources */,
			);
			runOnlyForDeploymentPostprocessing = 0;
		};
/* End PBXResourcesBuildPhase section */

/* Begin PBXSourcesBuildPhase section */
		6370418F4200FFEDF088647E /* Sources */ = {
			isa = PBXSourcesBuildPhase;
			buildActionMask = 2147483647;
			files = (
				E346FE974D16663AA00B9BBE /* NativeNotesmacOSApp.swift in Sources */,
				DE7195737D17928DA72BDD7A /* RootView.swift in Sources */,
			);
			runOnlyForDeploymentPostprocessing = 0;
		};
		71D1A4C287BF07C58B817010 /* Sources */ = {
			isa = PBXSourcesBuildPhase;
			buildActionMask = 2147483647;
			files = (
				20D68500FB85D42D88F7DDA4 /* NativeNotesiOSApp.swift in Sources */,
				5FE04522EA6DB889585D4574 /* RootView.swift in Sources */,
			);
			runOnlyForDeploymentPostprocessing = 0;
		};
/* End PBXSourcesBuildPhase section */

/* Begin XCBuildConfiguration section */
		007C717DB19E40F1CF8D2192 /* Debug */ = {
			isa = XCBuildConfiguration;
			buildSettings = {
				ASSETCATALOG_COMPILER_APPICON_NAME = AppIcon;
				COMBINE_HIDPI_IMAGES = YES;
				CURRENT_PROJECT_VERSION = 1;
				GENERATE_INFOPLIST_FILE = YES;
				INFOPLIST_KEY_CFBundleDisplayName = Lith;
				LD_RUNPATH_SEARCH_PATHS = (
					"$(inherited)",
					"@executable_path/../Frameworks",
				);
				MARKETING_VERSION = 0.1.0;
				PRODUCT_BUNDLE_IDENTIFIER = me.lith.macos;
				PRODUCT_NAME = Lith;
				SDKROOT = macosx;
			};
			name = Debug;
		};
		A05F6584A3709BB9013652FA /* Release */ = {
			isa = XCBuildConfiguration;
			buildSettings = {
				ASSETCATALOG_COMPILER_APPICON_NAME = AppIcon;
				COMBINE_HIDPI_IMAGES = YES;
				CURRENT_PROJECT_VERSION = 1;
				GENERATE_INFOPLIST_FILE = YES;
				INFOPLIST_KEY_CFBundleDisplayName = Lith;
				LD_RUNPATH_SEARCH_PATHS = (
					"$(inherited)",
					"@executable_path/../Frameworks",
				);
				MARKETING_VERSION = 0.1.0;
				PRODUCT_BUNDLE_IDENTIFIER = me.lith.macos;
				PRODUCT_NAME = Lith;
				SDKROOT = macosx;
			};
			name = Release;
		};
		AA92A04D51490911969A97EA /* Release */ = {
			isa = XCBuildConfiguration;
			buildSettings = {
				ALWAYS_SEARCH_USER_PATHS = NO;
				CLANG_ANALYZER_NONNULL = YES;
				CLANG_ANALYZER_NUMBER_OBJECT_CONVERSION = YES_AGGRESSIVE;
				CLANG_CXX_LANGUAGE_STANDARD = "gnu++14";
				CLANG_CXX_LIBRARY = "libc++";
				CLANG_ENABLE_MODULES = YES;
				CLANG_ENABLE_OBJC_ARC = YES;
				CLANG_ENABLE_OBJC_WEAK = YES;
				CLANG_WARN_BLOCK_CAPTURE_AUTORELEASING = YES;
				CLANG_WARN_BOOL_CONVERSION = YES;
				CLANG_WARN_COMMA = YES;
				CLANG_WARN_CONSTANT_CONVERSION = YES;
				CLANG_WARN_DEPRECATED_OBJC_IMPLEMENTATIONS = YES;
				CLANG_WARN_DIRECT_OBJC_ISA_USAGE = YES_ERROR;
				CLANG_WARN_DOCUMENTATION_COMMENTS = YES;
				CLANG_WARN_EMPTY_BODY = YES;
				CLANG_WARN_ENUM_CONVERSION = YES;
				CLANG_WARN_INFINITE_RECURSION = YES;
				CLANG_WARN_INT_CONVERSION = YES;
				CLANG_WARN_NON_LITERAL_NULL_CONVERSION = YES;
				CLANG_WARN_OBJC_IMPLICIT_RETAIN_SELF = YES;
				CLANG_WARN_OBJC_LITERAL_CONVERSION = YES;
				CLANG_WARN_OBJC_ROOT_CLASS = YES_ERROR;
				CLANG_WARN_QUOTED_INCLUDE_IN_FRAMEWORK_HEADER = YES;
				CLANG_WARN_RANGE_LOOP_ANALYSIS = YES;
				CLANG_WARN_STRICT_PROTOTYPES = YES;
				CLANG_WARN_SUSPICIOUS_MOVE = YES;
				CLANG_WARN_UNGUARDED_AVAILABILITY = YES_AGGRESSIVE;
				CLANG_WARN_UNREACHABLE_CODE = YES;
				CLANG_WARN__DUPLICATE_METHOD_MATCH = YES;
				COPY_PHASE_STRIP = NO;
				DEBUG_INFORMATION_FORMAT = "dwarf-with-dsym";
				ENABLE_NS_ASSERTIONS = NO;
				ENABLE_STRICT_OBJC_MSGSEND = YES;
				GCC_C_LANGUAGE_STANDARD = gnu11;
				GCC_NO_COMMON_BLOCKS = YES;
				GCC_WARN_64_TO_32_BIT_CONVERSION = YES;
				GCC_WARN_ABOUT_RETURN_TYPE = YES_ERROR;
				GCC_WARN_UNDECLARED_SELECTOR = YES;
				GCC_WARN_UNINITIALIZED_AUTOS = YES_AGGRESSIVE;
				GCC_WARN_UNUSED_FUNCTION = YES;
				GCC_WARN_UNUSED_VARIABLE = YES;
				IPHONEOS_DEPLOYMENT_TARGET = 17.0;
				MACOSX_DEPLOYMENT_TARGET = 14.0;
				MTL_ENABLE_DEBUG_INFO = NO;
				MTL_FAST_MATH = YES;
				PRODUCT_NAME = "$(TARGET_NAME)";
				SWIFT_COMPILATION_MODE = wholemodule;
				SWIFT_OPTIMIZATION_LEVEL = "-O";
				SWIFT_VERSION = 6.0;
			};
			name = Release;
		};
		AEA19CCB0166478E60CBEB79 /* Release */ = {
			isa = XCBuildConfiguration;
			buildSettings = {
				ASSETCATALOG_COMPILER_APPICON_NAME = AppIcon;
				CODE_SIGN_IDENTITY = "iPhone Developer";
				CURRENT_PROJECT_VERSION = 1;
				GENERATE_INFOPLIST_FILE = YES;
				INFOPLIST_KEY_CFBundleDisplayName = Lith;
				INFOPLIST_KEY_UIApplicationSceneManifest_Generation = YES;
				INFOPLIST_KEY_UISupportedInterfaceOrientations_iPad = "UIInterfaceOrientationPortrait UIInterfaceOrientationPortraitUpsideDown UIInterfaceOrientationLandscapeLeft UIInterfaceOrientationLandscapeRight";
				INFOPLIST_KEY_UISupportedInterfaceOrientations_iPhone = "UIInterfaceOrientationPortrait UIInterfaceOrientationLandscapeLeft UIInterfaceOrientationLandscapeRight";
				LD_RUNPATH_SEARCH_PATHS = (
					"$(inherited)",
					"@executable_path/Frameworks",
				);
				MARKETING_VERSION = 0.1.0;
				PRODUCT_BUNDLE_IDENTIFIER = me.lith.ios;
				PRODUCT_NAME = Lith;
				SDKROOT = iphoneos;
				TARGETED_DEVICE_FAMILY = "1,2";
			};
			name = Release;
		};
		CE22A98A4253053EDAA8B9F0 /* Debug */ = {
			isa = XCBuildConfiguration;
			buildSettings = {
				ASSETCATALOG_COMPILER_APPICON_NAME = AppIcon;
				CODE_SIGN_IDENTITY = "iPhone Developer";
				CURRENT_PROJECT_VERSION = 1;
				GENERATE_INFOPLIST_FILE = YES;
				INFOPLIST_KEY_CFBundleDisplayName = Lith;
				INFOPLIST_KEY_UIApplicationSceneManifest_Generation = YES;
				INFOPLIST_KEY_UISupportedInterfaceOrientations_iPad = "UIInterfaceOrientationPortrait UIInterfaceOrientationPortraitUpsideDown UIInterfaceOrientationLandscapeLeft UIInterfaceOrientationLandscapeRight";
				INFOPLIST_KEY_UISupportedInterfaceOrientations_iPhone = "UIInterfaceOrientationPortrait UIInterfaceOrientationLandscapeLeft UIInterfaceOrientationLandscapeRight";
				LD_RUNPATH_SEARCH_PATHS = (
					"$(inherited)",
					"@executable_path/Frameworks",
				);
				MARKETING_VERSION = 0.1.0;
				PRODUCT_BUNDLE_IDENTIFIER = me.lith.ios;
				PRODUCT_NAME = Lith;
				SDKROOT = iphoneos;
				TARGETED_DEVICE_FAMILY = "1,2";
			};
			name = Debug;
		};
		EC094D3D5D6AB4E21E5473B5 /* Debug */ = {
			isa = XCBuildConfiguration;
			buildSettings = {
				ALWAYS_SEARCH_USER_PATHS = NO;
				CLANG_ANALYZER_NONNULL = YES;
				CLANG_ANALYZER_NUMBER_OBJECT_CONVERSION = YES_AGGRESSIVE;
				CLANG_CXX_LANGUAGE_STANDARD = "gnu++14";
				CLANG_CXX_LIBRARY = "libc++";
				CLANG_ENABLE_MODULES = YES;
				CLANG_ENABLE_OBJC_ARC = YES;
				CLANG_ENABLE_OBJC_WEAK = YES;
				CLANG_WARN_BLOCK_CAPTURE_AUTORELEASING = YES;
				CLANG_WARN_BOOL_CONVERSION = YES;
				CLANG_WARN_COMMA = YES;
				CLANG_WARN_CONSTANT_CONVERSION = YES;
				CLANG_WARN_DEPRECATED_OBJC_IMPLEMENTATIONS = YES;
				CLANG_WARN_DIRECT_OBJC_ISA_USAGE = YES_ERROR;
				CLANG_WARN_DOCUMENTATION_COMMENTS = YES;
				CLANG_WARN_EMPTY_BODY = YES;
				CLANG_WARN_ENUM_CONVERSION = YES;
				CLANG_WARN_INFINITE_RECURSION = YES;
				CLANG_WARN_INT_CONVERSION = YES;
				CLANG_WARN_NON_LITERAL_NULL_CONVERSION = YES;
				CLANG_WARN_OBJC_IMPLICIT_RETAIN_SELF = YES;
				CLANG_WARN_OBJC_LITERAL_CONVERSION = YES;
				CLANG_WARN_OBJC_ROOT_CLASS = YES_ERROR;
				CLANG_WARN_QUOTED_INCLUDE_IN_FRAMEWORK_HEADER = YES;
				CLANG_WARN_RANGE_LOOP_ANALYSIS = YES;
				CLANG_WARN_STRICT_PROTOTYPES = YES;
				CLANG_WARN_SUSPICIOUS_MOVE = YES;
				CLANG_WARN_UNGUARDED_AVAILABILITY = YES_AGGRESSIVE;
				CLANG_WARN_UNREACHABLE_CODE = YES;
				CLANG_WARN__DUPLICATE_METHOD_MATCH = YES;
				COPY_PHASE_STRIP = NO;
				DEBUG_INFORMATION_FORMAT = dwarf;
				ENABLE_STRICT_OBJC_MSGSEND = YES;
				ENABLE_TESTABILITY = YES;
				GCC_C_LANGUAGE_STANDARD = gnu11;
				GCC_DYNAMIC_NO_PIC = NO;
				GCC_NO_COMMON_BLOCKS = YES;
				GCC_OPTIMIZATION_LEVEL = 0;
				GCC_PREPROCESSOR_DEFINITIONS = (
					"$(inherited)",
					"DEBUG=1",
				);
				GCC_WARN_64_TO_32_BIT_CONVERSION = YES;
				GCC_WARN_ABOUT_RETURN_TYPE = YES_ERROR;
				GCC_WARN_UNDECLARED_SELECTOR = YES;
				GCC_WARN_UNINITIALIZED_AUTOS = YES_AGGRESSIVE;
				GCC_WARN_UNUSED_FUNCTION = YES;
				GCC_WARN_UNUSED_VARIABLE = YES;
				IPHONEOS_DEPLOYMENT_TARGET = 17.0;
				MACOSX_DEPLOYMENT_TARGET = 14.0;
				MTL_ENABLE_DEBUG_INFO = INCLUDE_SOURCE;
				MTL_FAST_MATH = YES;
				ONLY_ACTIVE_ARCH = YES;
				PRODUCT_NAME = "$(TARGET_NAME)";
				SWIFT_ACTIVE_COMPILATION_CONDITIONS = DEBUG;
				SWIFT_OPTIMIZATION_LEVEL = "-Onone";
				SWIFT_VERSION = 6.0;
			};
			name = Debug;
		};
/* End XCBuildConfiguration section */

/* Begin XCConfigurationList section */
		AB58EC5EEE11E135BD15B0EC /* Build configuration list for PBXNativeTarget "NativeNotesiOS" */ = {
			isa = XCConfigurationList;
			buildConfigurations = (
				CE22A98A4253053EDAA8B9F0 /* Debug */,
				AEA19CCB0166478E60CBEB79 /* Release */,
			);
			defaultConfigurationIsVisible = 0;
			defaultConfigurationName = Debug;
		};
		B40996F15C9A25532608344F /* Build configuration list for PBXProject "NativeNotesApps" */ = {
			isa = XCConfigurationList;
			buildConfigurations = (
				EC094D3D5D6AB4E21E5473B5 /* Debug */,
				AA92A04D51490911969A97EA /* Release */,
			);
			defaultConfigurationIsVisible = 0;
			defaultConfigurationName = Debug;
		};
		B7F7EB93A82D3C9202A9DEC0 /* Build configuration list for PBXNativeTarget "NativeNotesmacOS" */ = {
			isa = XCConfigurationList;
			buildConfigurations = (
				007C717DB19E40F1CF8D2192 /* Debug */,
				A05F6584A3709BB9013652FA /* Release */,
			);
			defaultConfigurationIsVisible = 0;
			defaultConfigurationName = Debug;
		};
/* End XCConfigurationList section */

/* Begin XCLocalSwiftPackageReference section */
		C50D20F2E8942E31AA347739 /* XCLocalSwiftPackageReference "." */ = {
			isa = XCLocalSwiftPackageReference;
			relativePath = .;
		};
/* End XCLocalSwiftPackageReference section */

/* Begin XCSwiftPackageProductDependency section */
		2ECFB180D64E03874878F154 /* NativeNotes */ = {
			isa = XCSwiftPackageProductDependency;
			productName = NativeNotes;
		};
		BC6086DDC9EAFF5CF819F385 /* NativeNotes */ = {
			isa = XCSwiftPackageProductDependency;
			productName = NativeNotes;
		};
/* End XCSwiftPackageProductDependency section */
	};
	rootObject = 194F04A69E4EADE1E8546813 /* Project object */;
}
